Microsoft Visual Studio Solution File, Format Version 12.00
# Visual Studio Version 17
VisualStudioVersion = 17.5.2.0
MinimumVisualStudioVersion = 10.0.40219.1
Project("{FAE04EC0-301F-11D3-BF4B-00C04F79EFBC}") = "RockPaperScissorsGUI", "RockPaperScissorsGUI.csproj", "{1AF7C776-2699-37A4-4A64-FB743FAEF56B}"
EndProject
Global
	GlobalSection(SolutionConfigurationPlatforms) = preSolution
		Debug|Any CPU = Debug|Any CPU
		Release|Any CPU = Release|Any CPU
	EndGlobalSection
	GlobalSection(ProjectConfigurationPlatforms) = postSolution
		{1AF7C776-2699-37A4-4A64-FB743FAEF56B}.Debug|Any CPU.ActiveCfg = Debug|Any CPU
		{1AF7C776-2699-37A4-4A64-FB743FAEF56B}.Debug|Any CPU.Build.0 = Debug|Any CPU
		{1AF7C776-2699-37A4-4A64-FB743FAEF56B}.Release|Any CPU.ActiveCfg = Release|Any CPU
		{1AF7C776-2699-37A4-4A64-FB743FAEF56B}.Release|Any CPU.Build.0 = Release|Any CPU
	EndGlobalSection
	GlobalSection(SolutionProperties) = preSolution
		HideSolutionNode = FALSE
	EndGlobalSection
	GlobalSection(ExtensibilityGlobals) = postSolution
		SolutionGuid = {7A98C07F-40A2-4BD3-96AC-25C9B8EEC5BE}
	EndGlobalSection
EndGlobal
